{
  "name": "wx",
  "version": "1.0.0",
  "lockfileVersion": 1,
  "requires": true,
  "dependencies": {
    "weui-miniprogram": {
      "version": "1.0.6",
      "resolved": "https://registry.npm.taobao.org/weui-miniprogram/download/weui-miniprogram-1.0.6.tgz",
      "integrity": "sha1-JnQ4JOD3m5LkQXo9s9F/djHYgNw="
    },
    "wxmp-qrcode": {
      "version": "2.0.3",
      "resolved": "https://registry.npmjs.org/wxmp-qrcode/-/wxmp-qrcode-2.0.3.tgz",
      "integrity": "sha512-yVynLqMaBPWJiYtHBYgR7opj2tZtILO74baKUXyyrxtkmCRI9sCK/b+ZUx8C/Iu9F6vIvt8gFhLKKC/uIuRhzA=="
    }
  }
}
